Microsoft Visual Studio Solution File, Format Version 12.00
# Visual Studio 2012
Project("{FAE04EC0-301F-11D3-BF4B-00C04F79EFBC}") = "ML", "ML\ML.csproj", "{8090A2BE-8E28-440B-BC42-536059A85310}"
EndProject
Project("{FAE04EC0-301F-11D3-BF4B-00C04F79EFBC}") = "ML.Drawing", "ML.Drawing\ML.Drawing.csproj", "{A0A6C53D-FF2B-4892-80E8-AFFE2B53034C}"
EndProject
Project("{FAE04EC0-301F-11D3-BF4B-00C04F79EFBC}") = "ML.WinForm", "ML.WinForm\ML.WinForm.csproj", "{FF739CC0-55F3-4272-A6A8-94BD17FD6C5A}"
EndProject
Global
	GlobalSection(SolutionConfigurationPlatforms) = preSolution
		Debug|Any CPU = Debug|Any CPU
		Release|Any CPU = Release|Any CPU
	EndGlobalSection
	GlobalSection(ProjectConfigurationPlatforms) = postSolution
		{8090A2BE-8E28-440B-BC42-536059A85310}.Debug|Any CPU.ActiveCfg = Release|Any CPU
		{8090A2BE-8E28-440B-BC42-536059A85310}.Debug|Any CPU.Build.0 = Release|Any CPU
		{8090A2BE-8E28-440B-BC42-536059A85310}.Debug|Any CPU.Deploy.0 = Release|Any CPU
		{8090A2BE-8E28-440B-BC42-536059A85310}.Release|Any CPU.ActiveCfg = Release|Any CPU
		{8090A2BE-8E28-440B-BC42-536059A85310}.Release|Any CPU.Build.0 = Release|Any CPU
		{A0A6C53D-FF2B-4892-80E8-AFFE2B53034C}.Debug|Any CPU.ActiveCfg = Release|Any CPU
		{A0A6C53D-FF2B-4892-80E8-AFFE2B53034C}.Debug|Any CPU.Build.0 = Release|Any CPU
		{A0A6C53D-FF2B-4892-80E8-AFFE2B53034C}.Release|Any CPU.ActiveCfg = Release|Any CPU
		{A0A6C53D-FF2B-4892-80E8-AFFE2B53034C}.Release|Any CPU.Build.0 = Release|Any CPU
		{FF739CC0-55F3-4272-A6A8-94BD17FD6C5A}.Debug|Any CPU.ActiveCfg = Release|Any CPU
		{FF739CC0-55F3-4272-A6A8-94BD17FD6C5A}.Debug|Any CPU.Build.0 = Release|Any CPU
		{FF739CC0-55F3-4272-A6A8-94BD17FD6C5A}.Release|Any CPU.ActiveCfg = Release|Any CPU
		{FF739CC0-55F3-4272-A6A8-94BD17FD6C5A}.Release|Any CPU.Build.0 = Release|Any CPU
	EndGlobalSection
	GlobalSection(SolutionProperties) = preSolution
		HideSolutionNode = FALSE
	EndGlobalSection
EndGlobal
